
Microsoft Visual Studio Solution File, Format Version 12.00
# Visual Studio 15
VisualStudioVersion = 15.0.27703.2042
MinimumVisualStudioVersion = 10.0.40219.1
Project("{2150E333-8FDC-42A3-9474-1A3956D46DE8}") = "Solution Items", "Solution Items", "{FEBECF07-8BAB-4560-9AE6-3AE6008E5307}"
	ProjectSection(SolutionItems) = preProject
		.editorconfig = .editorconfig
		.gitattributes = .gitattributes
		.gitignore = .gitignore
		LICENSE.md = LICENSE.md
		README.md = README.md
	EndProjectSection
EndProject
Project("{F184B08F-C81C-45F6-A57F-5ABD9991F28F}") = "ClassicMapEditor", "ClassicMapEditor\ClassicMapEditor.vbproj", "{93A53DD3-1E4A-4508-B6B1-69841A9253E3}"
EndProject
Project("{FAE04EC0-301F-11D3-BF4B-00C04F79EFBC}") = "ClassicMapLib", "ClassicMapLib\ClassicMapLib.csproj", "{C7503F3D-B7DD-40D1-9D23-B033FC111923}"
EndProject
Global
	GlobalSection(SolutionConfigurationPlatforms) = preSolution
		Debug|Any CPU = Debug|Any CPU
		Debug|x64 = Debug|x64
		Debug|x86 = Debug|x86
		Release|Any CPU = Release|Any CPU
		Release|x64 = Release|x64
		Release|x86 = Release|x86
	EndGlobalSection
	GlobalSection(ProjectConfigurationPlatforms) = postSolution
		{93A53DD3-1E4A-4508-B6B1-69841A9253E3}.Debug|Any CPU.ActiveCfg = Debug|Any CPU
		{93A53DD3-1E4A-4508-B6B1-69841A9253E3}.Debug|Any CPU.Build.0 = Debug|Any CPU
		{93A53DD3-1E4A-4508-B6B1-69841A9253E3}.Debug|x64.ActiveCfg = Debug|Any CPU
		{93A53DD3-1E4A-4508-B6B1-69841A9253E3}.Debug|x64.Build.0 = Debug|Any CPU
		{93A53DD3-1E4A-4508-B6B1-69841A9253E3}.Debug|x86.ActiveCfg = Debug|Any CPU
		{93A53DD3-1E4A-4508-B6B1-69841A9253E3}.Debug|x86.Build.0 = Debug|Any CPU
		{93A53DD3-1E4A-4508-B6B1-69841A9253E3}.Release|Any CPU.ActiveCfg = Release|Any CPU
		{93A53DD3-1E4A-4508-B6B1-69841A9253E3}.Release|Any CPU.Build.0 = Release|Any CPU
		{93A53DD3-1E4A-4508-B6B1-69841A9253E3}.Release|x64.ActiveCfg = Release|Any CPU
		{93A53DD3-1E4A-4508-B6B1-69841A9253E3}.Release|x64.Build.0 = Release|Any CPU
		{93A53DD3-1E4A-4508-B6B1-69841A9253E3}.Release|x86.ActiveCfg = Release|Any CPU
		{93A53DD3-1E4A-4508-B6B1-69841A9253E3}.Release|x86.Build.0 = Release|Any CPU
		{C7503F3D-B7DD-40D1-9D23-B033FC111923}.Debug|Any CPU.ActiveCfg = Debug|Any CPU
		{C7503F3D-B7DD-40D1-9D23-B033FC111923}.Debug|Any CPU.Build.0 = Debug|Any CPU
		{C7503F3D-B7DD-40D1-9D23-B033FC111923}.Debug|x64.ActiveCfg = Debug|Any CPU
		{C7503F3D-B7DD-40D1-9D23-B033FC111923}.Debug|x64.Build.0 = Debug|Any CPU
		{C7503F3D-B7DD-40D1-9D23-B033FC111923}.Debug|x86.ActiveCfg = Debug|Any CPU
		{C7503F3D-B7DD-40D1-9D23-B033FC111923}.Debug|x86.Build.0 = Debug|Any CPU
		{C7503F3D-B7DD-40D1-9D23-B033FC111923}.Release|Any CPU.ActiveCfg = Release|Any CPU
		{C7503F3D-B7DD-40D1-9D23-B033FC111923}.Release|Any CPU.Build.0 = Release|Any CPU
		{C7503F3D-B7DD-40D1-9D23-B033FC111923}.Release|x64.ActiveCfg = Release|Any CPU
		{C7503F3D-B7DD-40D1-9D23-B033FC111923}.Release|x64.Build.0 = Release|Any CPU
		{C7503F3D-B7DD-40D1-9D23-B033FC111923}.Release|x86.ActiveCfg = Release|Any CPU
		{C7503F3D-B7DD-40D1-9D23-B033FC111923}.Release|x86.Build.0 = Release|Any CPU
	EndGlobalSection
	GlobalSection(SolutionProperties) = preSolution
		HideSolutionNode = FALSE
	EndGlobalSection
	GlobalSection(ExtensibilityGlobals) = postSolution
		SolutionGuid = {F056B91C-B185-4629-A418-611CB106AA76}
	EndGlobalSection
EndGlobal
